
Microsoft Visual Studio Solution File, Format Version 12.00
# Visual Studio 15
VisualStudioVersion = 15.0.26124.0
MinimumVisualStudioVersion = 15.0.26124.0
Project("{FAE04EC0-301F-11D3-BF4B-00C04F79EFBC}") = "persistence", "persistence\persistence.csproj", "{19BDE780-9C94-4065-A6A0-241FB6FF42CD}"
EndProject
Project("{FAE04EC0-301F-11D3-BF4B-00C04F79EFBC}") = "DAL", "DAL\DAL.csproj", "{976E5A6C-1387-459C-9E35-E3B142BA5C05}"
EndProject
Project("{FAE04EC0-301F-11D3-BF4B-00C04F79EFBC}") = "BL", "BL\BL.csproj", "{B6FBF9B4-B196-4D35-8965-A9BFAE527B51}"
EndProject
Project("{FAE04EC0-301F-11D3-BF4B-00C04F79EFBC}") = "PL", "PL\PL.csproj", "{B7B2616A-C358-40EE-ADD8-F23FD3C01ED3}"
EndProject
Global
	GlobalSection(SolutionConfigurationPlatforms) = preSolution
		Debug|Any CPU = Debug|Any CPU
		Debug|x64 = Debug|x64
		Debug|x86 = Debug|x86
		Release|Any CPU = Release|Any CPU
		Release|x64 = Release|x64
		Release|x86 = Release|x86
	EndGlobalSection
	GlobalSection(SolutionProperties) = preSolution
		HideSolutionNode = FALSE
	EndGlobalSection
	GlobalSection(ProjectConfigurationPlatforms) = postSolution
		{19BDE780-9C94-4065-A6A0-241FB6FF42CD}.Debug|Any CPU.ActiveCfg = Debug|Any CPU
		{19BDE780-9C94-4065-A6A0-241FB6FF42CD}.Debug|Any CPU.Build.0 = Debug|Any CPU
		{19BDE780-9C94-4065-A6A0-241FB6FF42CD}.Debug|x64.ActiveCfg = Debug|Any CPU
		{19BDE780-9C94-4065-A6A0-241FB6FF42CD}.Debug|x64.Build.0 = Debug|Any CPU
		{19BDE780-9C94-4065-A6A0-241FB6FF42CD}.Debug|x86.ActiveCfg = Debug|Any CPU
		{19BDE780-9C94-4065-A6A0-241FB6FF42CD}.Debug|x86.Build.0 = Debug|Any CPU
		{19BDE780-9C94-4065-A6A0-241FB6FF42CD}.Release|Any CPU.ActiveCfg = Release|Any CPU
		{19BDE780-9C94-4065-A6A0-241FB6FF42CD}.Release|Any CPU.Build.0 = Release|Any CPU
		{19BDE780-9C94-4065-A6A0-241FB6FF42CD}.Release|x64.ActiveCfg = Release|Any CPU
		{19BDE780-9C94-4065-A6A0-241FB6FF42CD}.Release|x64.Build.0 = Release|Any CPU
		{19BDE780-9C94-4065-A6A0-241FB6FF42CD}.Release|x86.ActiveCfg = Release|Any CPU
		{19BDE780-9C94-4065-A6A0-241FB6FF42CD}.Release|x86.Build.0 = Release|Any CPU
		{976E5A6C-1387-459C-9E35-E3B142BA5C05}.Debug|Any CPU.ActiveCfg = Debug|Any CPU
		{976E5A6C-1387-459C-9E35-E3B142BA5C05}.Debug|Any CPU.Build.0 = Debug|Any CPU
		{976E5A6C-1387-459C-9E35-E3B142BA5C05}.Debug|x64.ActiveCfg = Debug|Any CPU
		{976E5A6C-1387-459C-9E35-E3B142BA5C05}.Debug|x64.Build.0 = Debug|Any CPU
		{976E5A6C-1387-459C-9E35-E3B142BA5C05}.Debug|x86.ActiveCfg = Debug|Any CPU
		{976E5A6C-1387-459C-9E35-E3B142BA5C05}.Debug|x86.Build.0 = Debug|Any CPU
		{976E5A6C-1387-459C-9E35-E3B142BA5C05}.Release|Any CPU.ActiveCfg = Release|Any CPU
		{976E5A6C-1387-459C-9E35-E3B142BA5C05}.Release|Any CPU.Build.0 = Release|Any CPU
		{976E5A6C-1387-459C-9E35-E3B142BA5C05}.Release|x64.ActiveCfg = Release|Any CPU
		{976E5A6C-1387-459C-9E35-E3B142BA5C05}.Release|x64.Build.0 = Release|Any CPU
		{976E5A6C-1387-459C-9E35-E3B142BA5C05}.Release|x86.ActiveCfg = Release|Any CPU
		{976E5A6C-1387-459C-9E35-E3B142BA5C05}.Release|x86.Build.0 = Release|Any CPU
		{B6FBF9B4-B196-4D35-8965-A9BFAE527B51}.Debug|Any CPU.ActiveCfg = Debug|Any CPU
		{B6FBF9B4-B196-4D35-8965-A9BFAE527B51}.Debug|Any CPU.Build.0 = Debug|Any CPU
		{B6FBF9B4-B196-4D35-8965-A9BFAE527B51}.Debug|x64.ActiveCfg = Debug|Any CPU
		{B6FBF9B4-B196-4D35-8965-A9BFAE527B51}.Debug|x64.Build.0 = Debug|Any CPU
		{B6FBF9B4-B196-4D35-8965-A9BFAE527B51}.Debug|x86.ActiveCfg = Debug|Any CPU
		{B6FBF9B4-B196-4D35-8965-A9BFAE527B51}.Debug|x86.Build.0 = Debug|Any CPU
		{B6FBF9B4-B196-4D35-8965-A9BFAE527B51}.Release|Any CPU.ActiveCfg = Release|Any CPU
		{B6FBF9B4-B196-4D35-8965-A9BFAE527B51}.Release|Any CPU.Build.0 = Release|Any CPU
		{B6FBF9B4-B196-4D35-8965-A9BFAE527B51}.Release|x64.ActiveCfg = Release|Any CPU
		{B6FBF9B4-B196-4D35-8965-A9BFAE527B51}.Release|x64.Build.0 = Release|Any CPU
		{B6FBF9B4-B196-4D35-8965-A9BFAE527B51}.Release|x86.ActiveCfg = Release|Any CPU
		{B6FBF9B4-B196-4D35-8965-A9BFAE527B51}.Release|x86.Build.0 = Release|Any CPU
		{B7B2616A-C358-40EE-ADD8-F23FD3C01ED3}.Debug|Any CPU.ActiveCfg = Debug|Any CPU
		{B7B2616A-C358-40EE-ADD8-F23FD3C01ED3}.Debug|Any CPU.Build.0 = Debug|Any CPU
		{B7B2616A-C358-40EE-ADD8-F23FD3C01ED3}.Debug|x64.ActiveCfg = Debug|Any CPU
		{B7B2616A-C358-40EE-ADD8-F23FD3C01ED3}.Debug|x64.Build.0 = Debug|Any CPU
		{B7B2616A-C358-40EE-ADD8-F23FD3C01ED3}.Debug|x86.ActiveCfg = Debug|Any CPU
		{B7B2616A-C358-40EE-ADD8-F23FD3C01ED3}.Debug|x86.Build.0 = Debug|Any CPU
		{B7B2616A-C358-40EE-ADD8-F23FD3C01ED3}.Release|Any CPU.ActiveCfg = Release|Any CPU
		{B7B2616A-C358-40EE-ADD8-F23FD3C01ED3}.Release|Any CPU.Build.0 = Release|Any CPU
		{B7B2616A-C358-40EE-ADD8-F23FD3C01ED3}.Release|x64.ActiveCfg = Release|Any CPU
		{B7B2616A-C358-40EE-ADD8-F23FD3C01ED3}.Release|x64.Build.0 = Release|Any CPU
		{B7B2616A-C358-40EE-ADD8-F23FD3C01ED3}.Release|x86.ActiveCfg = Release|Any CPU
		{B7B2616A-C358-40EE-ADD8-F23FD3C01ED3}.Release|x86.Build.0 = Release|Any CPU
	EndGlobalSection
EndGlobal
